
Microsoft Visual Studio Solution File, Format Version 12.00
# Visual Studio Version 16
VisualStudioVersion = 16.0.29025.244
MinimumVisualStudioVersion = 10.0.40219.1
Project("{2150E333-8FDC-42A3-9474-1A3956D46DE8}") = "Creational", "Creational", "{7FC1CAB3-7B92-404C-BB41-F38C086477AB}"
EndProject
Project("{2150E333-8FDC-42A3-9474-1A3956D46DE8}") = "FactoryMethod", "FactoryMethod", "{01E554C1-1225-4200-B127-5FBA2CF556AB}"
EndProject
Project("{2150E333-8FDC-42A3-9474-1A3956D46DE8}") = "Structural", "Structural", "{5732FF7A-1DB5-44E7-8B85-E51F545A17AE}"
EndProject
Project("{2150E333-8FDC-42A3-9474-1A3956D46DE8}") = "Behavioral", "Behavioral", "{1BF32642-C666-4342-A5E0-590BDEAE6868}"
EndProject
Project("{2150E333-8FDC-42A3-9474-1A3956D46DE8}") = "AbstractFactory", "AbstractFactory", "{47371077-3202-4889-9457-21CF087A9A24}"
EndProject
Project("{2150E333-8FDC-42A3-9474-1A3956D46DE8}") = "Structure", "Structure", "{0742C889-E5DF-4B0E-B501-EA85E4720A48}"
EndProject
Project("{2150E333-8FDC-42A3-9474-1A3956D46DE8}") = "Structure", "Structure", "{E2BFD1E9-7521-42AB-B7C7-95E3EDD89D1B}"
EndProject
Project("{2150E333-8FDC-42A3-9474-1A3956D46DE8}") = "Example", "Example", "{D18853D5-A7FF-4EE6-A72A-8852CB7B4D8E}"
EndProject
Project("{2150E333-8FDC-42A3-9474-1A3956D46DE8}") = "Example", "Example", "{2968CEC6-58BB-49FF-8341-D6785597AA04}"
EndProject
Project("{2150E333-8FDC-42A3-9474-1A3956D46DE8}") = "Builder", "Builder", "{0FB9A159-44D3-47DA-BF84-9917B058F4B4}"
EndProject
Project("{2150E333-8FDC-42A3-9474-1A3956D46DE8}") = "Prototype", "Prototype", "{0DE0B5D6-15B7-4076-8D13-AEB6D40D5E44}"
EndProject
Project("{2150E333-8FDC-42A3-9474-1A3956D46DE8}") = "Singleton", "Singleton", "{2FBB5192-1FEA-4604-AC3C-F426D0CF34BB}"
EndProject
Project("{2150E333-8FDC-42A3-9474-1A3956D46DE8}") = "Adapter", "Adapter", "{968F2A7B-2EF4-4B62-B513-13C13696762B}"
EndProject
Project("{2150E333-8FDC-42A3-9474-1A3956D46DE8}") = "Bridge", "Bridge", "{FABE6E8C-385F-43CE-B0E1-E1542392047E}"
EndProject
Project("{2150E333-8FDC-42A3-9474-1A3956D46DE8}") = "Composite", "Composite", "{6629A5F4-B6B8-47E7-BE5B-9955E620BF26}"
EndProject
Project("{2150E333-8FDC-42A3-9474-1A3956D46DE8}") = "Decorator", "Decorator", "{CB0B01DB-65F9-42A6-8E2B-4268237E03BF}"
EndProject
Project("{2150E333-8FDC-42A3-9474-1A3956D46DE8}") = "Façade", "Façade", "{0FB16447-7483-4D6F-ACBB-67FD09FEA43E}"
EndProject
Project("{2150E333-8FDC-42A3-9474-1A3956D46DE8}") = "Flyweight", "Flyweight", "{F91AB992-A71E-4FD6-AC82-54C3FD3DD0C0}"
EndProject
Project("{2150E333-8FDC-42A3-9474-1A3956D46DE8}") = "Proxy", "Proxy", "{C7365672-3EA8-4EF3-B03A-D7BE77E65B91}"
EndProject
Project("{2150E333-8FDC-42A3-9474-1A3956D46DE8}") = "ChainofResponsibility", "ChainofResponsibility", "{316C4792-0576-4201-804C-A198A5C1B343}"
EndProject
Project("{2150E333-8FDC-42A3-9474-1A3956D46DE8}") = "Command", "Command", "{E98A370D-4F47-4BF7-9F6D-C2B535E4C37C}"
EndProject
Project("{2150E333-8FDC-42A3-9474-1A3956D46DE8}") = "Interpreter", "Interpreter", "{A53D14B1-9227-4E30-8BAF-BCF34759FB56}"
EndProject
Project("{2150E333-8FDC-42A3-9474-1A3956D46DE8}") = "Mediator", "Mediator", "{F703194D-C7D8-4033-9D3D-13B7C55105FE}"
EndProject
Project("{2150E333-8FDC-42A3-9474-1A3956D46DE8}") = "Memento", "Memento", "{E43F79CA-5B40-47B3-BF71-720F903E8DAD}"
EndProject
Project("{2150E333-8FDC-42A3-9474-1A3956D46DE8}") = "Observer", "Observer", "{161C97D0-4220-4EA5-9AF0-56EE13E0E04A}"
EndProject
Project("{2150E333-8FDC-42A3-9474-1A3956D46DE8}") = "State", "State", "{72AE4F8E-811A-496A-B691-D9E905743867}"
EndProject
Project("{2150E333-8FDC-42A3-9474-1A3956D46DE8}") = "Strategy", "Strategy", "{33290136-A8FD-4AF9-AB67-543060BDD6D8}"
EndProject
Project("{2150E333-8FDC-42A3-9474-1A3956D46DE8}") = "Visitor", "Visitor", "{CF591B38-5890-4BFF-A58F-577634F576A8}"
EndProject
Project("{2150E333-8FDC-42A3-9474-1A3956D46DE8}") = "TemplateMethod", "TemplateMethod", "{87736CAF-0CE2-4C0A-A834-0EDF5B9896C7}"
EndProject
Project("{2150E333-8FDC-42A3-9474-1A3956D46DE8}") = "Example", "Example", "{E9D336FD-E30B-4BAF-842D-F48E78BBA881}"
EndProject
Project("{2150E333-8FDC-42A3-9474-1A3956D46DE8}") = "Example", "Example", "{F954DD26-F0E9-465C-9EF6-B5EF4C6A44E5}"
EndProject
Project("{2150E333-8FDC-42A3-9474-1A3956D46DE8}") = "Example", "Example", "{41CFC42E-4F17-42A9-9C47-2BBFC6C8D76D}"
EndProject
Project("{2150E333-8FDC-42A3-9474-1A3956D46DE8}") = "Example", "Example", "{110F9DDC-E740-4B64-AEE5-710BEFB05ED2}"
EndProject
Project("{2150E333-8FDC-42A3-9474-1A3956D46DE8}") = "Example", "Example", "{AF795B5E-A37F-4EDE-B6DB-BD4E34A98DB6}"
EndProject
Project("{2150E333-8FDC-42A3-9474-1A3956D46DE8}") = "Example", "Example", "{94BE41C3-5FB3-4DD1-8B97-D4F02D8297A8}"
EndProject
Project("{2150E333-8FDC-42A3-9474-1A3956D46DE8}") = "Example", "Example", "{FBCE07CF-CB3D-4E51-A0DA-4E9D46DEB25E}"
EndProject
Project("{2150E333-8FDC-42A3-9474-1A3956D46DE8}") = "Example", "Example", "{8E4AA6D6-3943-4C1E-9889-E5AC5F517F7A}"
EndProject
Project("{2150E333-8FDC-42A3-9474-1A3956D46DE8}") = "Example", "Example", "{ABD17544-426A-476E-88D0-AFF9F5CCF8F2}"
EndProject
Project("{2150E333-8FDC-42A3-9474-1A3956D46DE8}") = "Example", "Example", "{32EE8180-72B5-43C6-9110-432D129E6E00}"
EndProject
Project("{2150E333-8FDC-42A3-9474-1A3956D46DE8}") = "Example", "Example", "{E81216DB-D4FB-4B11-A2F8-3B9005593E9F}"
EndProject
Project("{2150E333-8FDC-42A3-9474-1A3956D46DE8}") = "Example", "Example", "{160D1FB4-E879-4E7C-A1DD-87A316515581}"
EndProject
Project("{2150E333-8FDC-42A3-9474-1A3956D46DE8}") = "Example", "Example", "{3E9DAE88-4FC4-4F03-8829-E2DC0BB5769D}"
EndProject
Project("{2150E333-8FDC-42A3-9474-1A3956D46DE8}") = "Example", "Example", "{FF28E14B-88C5-4F10-8B6A-85E110F5CBCD}"
EndProject
Project("{2150E333-8FDC-42A3-9474-1A3956D46DE8}") = "Example", "Example", "{03C0AFA9-5C4F-43CD-949C-C1B9B1F8026F}"
EndProject
Project("{2150E333-8FDC-42A3-9474-1A3956D46DE8}") = "Example", "Example", "{8C4A52F8-993D-4F3D-AD02-AF79B6783A05}"
EndProject
Project("{2150E333-8FDC-42A3-9474-1A3956D46DE8}") = "Example", "Example", "{3940417E-E885-40F7-B531-76952A99527F}"
EndProject
Project("{2150E333-8FDC-42A3-9474-1A3956D46DE8}") = "Example", "Example", "{97433189-CB53-446B-94EB-A6270D6EB04F}"
EndProject
Project("{2150E333-8FDC-42A3-9474-1A3956D46DE8}") = "Example", "Example", "{EE927576-9BAA-49BA-8821-3B51AB3BCBC6}"
EndProject
Project("{2150E333-8FDC-42A3-9474-1A3956D46DE8}") = "Example", "Example", "{498D6506-EAD2-440C-91FD-24E7B013F0DE}"
EndProject
Project("{2150E333-8FDC-42A3-9474-1A3956D46DE8}") = "Structure", "Structure", "{C651D656-7382-4C07-B987-6800C1283016}"
EndProject
Project("{2150E333-8FDC-42A3-9474-1A3956D46DE8}") = "Structure", "Structure", "{0DF09B47-1E81-4677-AB13-5ADD2FA16BBE}"
EndProject
Project("{2150E333-8FDC-42A3-9474-1A3956D46DE8}") = "Structure", "Structure", "{F71EA06C-955F-4F48-A6B7-E46F9C56C27B}"
EndProject
Project("{2150E333-8FDC-42A3-9474-1A3956D46DE8}") = "Structure", "Structure", "{29BB448C-F2DA-498E-B205-FFC9BA34120A}"
EndProject
Project("{2150E333-8FDC-42A3-9474-1A3956D46DE8}") = "Structure", "Structure", "{4C0C1B5F-FEC9-454B-9661-2549FAB89F41}"
EndProject
Project("{2150E333-8FDC-42A3-9474-1A3956D46DE8}") = "Structure", "Structure", "{FD3C61B9-E1BC-424C-AE33-17F4053F8D70}"
EndProject
Project("{2150E333-8FDC-42A3-9474-1A3956D46DE8}") = "Structure", "Structure", "{01B8DAC2-D865-4A75-8795-32EF0099140F}"
EndProject
Project("{2150E333-8FDC-42A3-9474-1A3956D46DE8}") = "Structure", "Structure", "{396AFF53-408E-4A6E-8A48-E0785245B064}"
EndProject
Project("{2150E333-8FDC-42A3-9474-1A3956D46DE8}") = "Structure", "Structure", "{A21D65B0-E0C6-415B-B0BC-B79B43AB3D05}"
EndProject
Project("{2150E333-8FDC-42A3-9474-1A3956D46DE8}") = "Structure", "Structure", "{3826ADB0-7196-4F01-8A60-D599CF433C5A}"
EndProject
Project("{2150E333-8FDC-42A3-9474-1A3956D46DE8}") = "Structure", "Structure", "{908E1054-AE14-4D86-B4DF-6F15254DA0DF}"
EndProject
Project("{2150E333-8FDC-42A3-9474-1A3956D46DE8}") = "Structure", "Structure", "{B2C5547B-068D-47E2-8AC4-EEF031BCE030}"
EndProject
Project("{2150E333-8FDC-42A3-9474-1A3956D46DE8}") = "Structure", "Structure", "{2B9B4726-65B5-4B1D-9378-C538482CAFD3}"
EndProject
Project("{2150E333-8FDC-42A3-9474-1A3956D46DE8}") = "Structure", "Structure", "{FF4DF0AB-BF0D-402C-BC9C-149375951885}"
EndProject
Project("{2150E333-8FDC-42A3-9474-1A3956D46DE8}") = "Structure", "Structure", "{2A2455F7-2CC7-4267-A098-FA3615B8CFB8}"
EndProject
Project("{2150E333-8FDC-42A3-9474-1A3956D46DE8}") = "Structure", "Structure", "{1AF69927-81E2-4DFF-9E83-0DC78F109D18}"
EndProject
Project("{2150E333-8FDC-42A3-9474-1A3956D46DE8}") = "Structure", "Structure", "{1B534AA7-8185-4B14-A933-CB61E918F3D0}"
EndProject
Project("{2150E333-8FDC-42A3-9474-1A3956D46DE8}") = "Structure", "Structure", "{707B3850-0913-46D5-AE5B-05562F5279A8}"
EndProject
Project("{2150E333-8FDC-42A3-9474-1A3956D46DE8}") = "Structure", "Structure", "{45A0600A-8EC7-46DE-92FC-129111D1B7E8}"
EndProject
Project("{2150E333-8FDC-42A3-9474-1A3956D46DE8}") = "Structure", "Structure", "{8030FE25-05A0-40E1-B81C-EA005C0691A4}"
EndProject
Project("{9A19103F-16F7-4668-BE54-9A1E7A4F7556}") = "ObserverPattern", "ObserverPattern\ObserverPattern.csproj", "{04DF63F7-FA40-43EE-93E6-6F39513ACEBA}"
EndProject
Project("{9A19103F-16F7-4668-BE54-9A1E7A4F7556}") = "IteratorPattern", "IteratorPattern\IteratorPattern.csproj", "{85CEB529-28A9-427B-B303-05EFD2D5BFDF}"
EndProject
Project("{2150E333-8FDC-42A3-9474-1A3956D46DE8}") = "Iterator", "Iterator", "{BC833C46-365F-4451-BCDC-E11C793E0B91}"
EndProject
Project("{2150E333-8FDC-42A3-9474-1A3956D46DE8}") = "Example", "Example", "{1E9D23F8-BC8B-4BB9-87D0-50EBA0E14717}"
EndProject
Project("{2150E333-8FDC-42A3-9474-1A3956D46DE8}") = "Structure", "Structure", "{5C0707AF-7018-4013-8541-BF65C8245CF3}"
EndProject
Project("{9A19103F-16F7-4668-BE54-9A1E7A4F7556}") = "StrategyPattern", "StrategyPattern\StrategyPattern.csproj", "{5D86E508-F6C6-40B5-83B6-1BF9082AB252}"
EndProject
Project("{9A19103F-16F7-4668-BE54-9A1E7A4F7556}") = "CommandPattern", "CommandPattern\CommandPattern.csproj", "{BDA797BD-80E5-4559-9698-5A31FF42F15C}"
EndProject
Project("{9A19103F-16F7-4668-BE54-9A1E7A4F7556}") = "CommandPatternExample", "CommandPatternExample\CommandPatternExample.csproj", "{06A76EAA-3332-4560-922D-85046FF8FB20}"
EndProject
Project("{9A19103F-16F7-4668-BE54-9A1E7A4F7556}") = "CommandPatternExample2", "CommandPatternExample2\CommandPatternExample2.csproj", "{83A70D95-48D6-41C3-8ED8-875819FC44BC}"
EndProject
Project("{9A19103F-16F7-4668-BE54-9A1E7A4F7556}") = "StatePattern", "StatePattern\StatePattern.csproj", "{3285F0F1-7EBE-4C08-9AD4-A34FD6B1C42E}"
EndProject
Project("{9A19103F-16F7-4668-BE54-9A1E7A4F7556}") = "StatePatternExample", "StatePatternExample\StatePatternExample.csproj", "{F4963C29-1FCA-426D-8024-F1C96ECC45F7}"
EndProject
Project("{9A19103F-16F7-4668-BE54-9A1E7A4F7556}") = "TemplateMethodStructure", "TemplateMethodStructure\TemplateMethodStructure.csproj", "{D0690842-C8AB-44D1-B6AC-04FEC58AB610}"
EndProject
Project("{9A19103F-16F7-4668-BE54-9A1E7A4F7556}") = "TemplateMethodExample", "TemplateMethodExample\TemplateMethodExample.csproj", "{A2BDA25F-A3D7-4DEB-B677-AE3595BAEC3B}"
EndProject
Project("{FAE04EC0-301F-11D3-BF4B-00C04F79EFBC}") = "ChainOfResponsibilityDesignPattern", "ChainOfResponsibilityDesignPattern\ChainOfResponsibilityDesignPattern.csproj", "{CD36F0A6-53F9-4E62-90B1-CCADC4D4A9AA}"
EndProject
Project("{FAE04EC0-301F-11D3-BF4B-00C04F79EFBC}") = "ChainofResponsibilityDesignPatternExample", "ChainofResponsibilityDesignPatternExample\ChainofResponsibilityDesignPatternExample.csproj", "{AB0938C5-3201-477E-A2B9-35F309D3E7A3}"
EndProject
Project("{FAE04EC0-301F-11D3-BF4B-00C04F79EFBC}") = "MediatorDesignPattern", "MediatorDesignPattern\MediatorDesignPattern.csproj", "{3FE1CEBE-1956-4C4A-AAE0-E22637E944EE}"
EndProject
Project("{FAE04EC0-301F-11D3-BF4B-00C04F79EFBC}") = "MediatorPatternExample", "MediatorPatternExample\MediatorPatternExample.csproj", "{208FF7C8-278D-42F7-9403-641DCFEC1C9D}"
EndProject
Project("{FAE04EC0-301F-11D3-BF4B-00C04F79EFBC}") = "InterpreterDesignPatternExample", "InterpreterDesignPatternExample\InterpreterDesignPatternExample.csproj", "{B7969B82-BEC2-4CFF-B62A-0DD7CE4D382E}"
EndProject
Project("{FAE04EC0-301F-11D3-BF4B-00C04F79EFBC}") = "InterpreterPatternExample1", "InterpreterPatternExample1\InterpreterPatternExample1.csproj", "{3B0B011F-E247-4D7F-ADFC-489F17EC3732}"
EndProject
Project("{FAE04EC0-301F-11D3-BF4B-00C04F79EFBC}") = "MementoDesignPatternExample1", "MementoDesignPatternExample1\MementoDesignPatternExample1.csproj", "{3778E199-1053-42E2-AAAD-73036BAA22D5}"
EndProject
Project("{FAE04EC0-301F-11D3-BF4B-00C04F79EFBC}") = "MementoDesignPatternExampel2", "MementoDesignPatternExampel2\MementoDesignPatternExampel2.csproj", "{E107EE21-8075-4FFA-A4FB-2A45B9CCC7C4}"
EndProject
Project("{FAE04EC0-301F-11D3-BF4B-00C04F79EFBC}") = "MementoDesignPattern", "MementoDesignPattern\MementoDesignPattern.csproj", "{0E534DF0-1232-473B-A13B-AE69134848B0}"
EndProject
Project("{FAE04EC0-301F-11D3-BF4B-00C04F79EFBC}") = "MementoDesignPatternStructure", "MementoDesignPatternStructure\MementoDesignPatternStructure.csproj", "{33AC5272-4039-4855-A78B-54EF55AB4735}"
EndProject
Project("{FAE04EC0-301F-11D3-BF4B-00C04F79EFBC}") = "VisitorDesignPatternExample", "VisitorDesignPatternExample\VisitorDesignPatternExample.csproj", "{C047E0DD-06EC-4880-863A-57666E86E02D}"
EndProject
Project("{FAE04EC0-301F-11D3-BF4B-00C04F79EFBC}") = "VisitorDesignPatternStructure", "VisitorDesignPatternStructure\VisitorDesignPatternStructure.csproj", "{9D68FA11-F3E8-4714-A882-D1986880C2A3}"
EndProject
Project("{FAE04EC0-301F-11D3-BF4B-00C04F79EFBC}") = "CommandPatternExample3", "CommandPatternExample3\CommandPatternExample3.csproj", "{20A3E4C2-DFDC-4E22-93D6-B890939CD391}"
EndProject
Project("{FAE04EC0-301F-11D3-BF4B-00C04F79EFBC}") = "SingletonDesignPatternStructure", "SingletonDesignPatternStructure\SingletonDesignPatternStructure.csproj", "{6CB0C4F0-C806-49CA-A5AC-9121BBE68D75}"
EndProject
Project("{FAE04EC0-301F-11D3-BF4B-00C04F79EFBC}") = "SingletonDesignPatternExample1", "SingletonDesignPatternExample1\SingletonDesignPatternExample1.csproj", "{7B4598B4-B33F-44E1-BD0A-2A1E0A05C4A5}"
EndProject
Project("{FAE04EC0-301F-11D3-BF4B-00C04F79EFBC}") = "SingletonDesignPatternThreadSafe", "SingletonDesignPatternThreadSafe\SingletonDesignPatternThreadSafe.csproj", "{7F3576DE-2E25-485F-8894-226B8E6D5344}"
EndProject
Project("{FAE04EC0-301F-11D3-BF4B-00C04F79EFBC}") = "FactoryMethodDesignPatternStructure", "FactoryMethodDesignPattern\FactoryMethodDesignPatternStructure.csproj", "{34B11D55-8CCF-4BE9-A78E-BDBEC73A03C3}"
EndProject
Project("{FAE04EC0-301F-11D3-BF4B-00C04F79EFBC}") = "FactoryMethodExample1", "FactoryMethodExample1\FactoryMethodExample1.csproj", "{8DDAA668-7DAC-48E5-A8D5-B76E9305E552}"
EndProject
Project("{FAE04EC0-301F-11D3-BF4B-00C04F79EFBC}") = "AbstractFactoryDesignPatternStructure", "AbstractFactoryDesignPatternStructure\AbstractFactoryDesignPatternStructure.csproj", "{DFD839A0-4200-403D-A910-F8331CE7ECDC}"
EndProject
Project("{FAE04EC0-301F-11D3-BF4B-00C04F79EFBC}") = "AbstractFactoryDesignPatternExample1", "AbstractFactoryDesignPatternExample1\AbstractFactoryDesignPatternExample1.csproj", "{A23C6B5F-7B80-4C39-9ACF-B974F7C18503}"
EndProject
Project("{FAE04EC0-301F-11D3-BF4B-00C04F79EFBC}") = "BuilderDesignPatternStructure", "BuilderDesignPatternStructure\BuilderDesignPatternStructure.csproj", "{83C3AE55-C3CF-440F-812C-AA01DB25957E}"
EndProject
Project("{FAE04EC0-301F-11D3-BF4B-00C04F79EFBC}") = "BuilderDesignPatternExample", "BuilderDesignPatternExample\BuilderDesignPatternExample.csproj", "{ED6E881C-F754-4B22-9901-110D720A672A}"
EndProject
Project("{FAE04EC0-301F-11D3-BF4B-00C04F79EFBC}") = "PrototypeDesignPatternShallowCopy", "PrototypeDesignPatternShallowCopy\PrototypeDesignPatternShallowCopy.csproj", "{76F5E904-CC19-4196-8021-4596AB31FF3F}"
EndProject
Project("{FAE04EC0-301F-11D3-BF4B-00C04F79EFBC}") = "PrototypeDesignPatternDeepCopy", "PrototypeDesignPatternDeepCopy\PrototypeDesignPatternDeepCopy.csproj", "{FFE13074-BDDD-4884-BD0C-870B27E15314}"
EndProject
Project("{FAE04EC0-301F-11D3-BF4B-00C04F79EFBC}") = "AdapterDesignPatternStructure", "AdapterDesignPattern\AdapterDesignPatternStructure.csproj", "{6A0D3F0F-F2C9-40D6-9B69-5AD05C7F5D2F}"
EndProject
Project("{FAE04EC0-301F-11D3-BF4B-00C04F79EFBC}") = "AdapterDesignPatternExample1", "AdapterDesignPatternExample1\AdapterDesignPatternExample1.csproj", "{45642B14-6DCB-4D05-BA7F-A8AE2A76302B}"
EndProject
Project("{FAE04EC0-301F-11D3-BF4B-00C04F79EFBC}") = "AdapterDesignPatternExample2", "AdapterDesignPatternExample2\AdapterDesignPatternExample2.csproj", "{C07AD0EE-15C6-45C0-A32A-995DC4F5C8B8}"
EndProject
Project("{FAE04EC0-301F-11D3-BF4B-00C04F79EFBC}") = "AdapterDesignPatternExample3", "AdapterDesignPatternExample3\AdapterDesignPatternExample3.csproj", "{483A4949-D433-4156-8BA5-3871AD5A678A}"
EndProject
Project("{FAE04EC0-301F-11D3-BF4B-00C04F79EFBC}") = "BridgeDesignPatternStructure", "BridgeDesignPatternExample\BridgeDesignPatternStructure.csproj", "{6921CD92-B026-4AD3-BFD5-1719C4D0F4C6}"
EndProject
Project("{FAE04EC0-301F-11D3-BF4B-00C04F79EFBC}") = "BridgeDesignPatternExample1", "BridgeDesignPatternExample1\BridgeDesignPatternExample1.csproj", "{4348402F-C57D-4A71-BF51-938292D6B2BC}"
EndProject
Project("{FAE04EC0-301F-11D3-BF4B-00C04F79EFBC}") = "FacadeDesignPatternStructure", "FacadeDesignPatternStructure\FacadeDesignPatternStructure.csproj", "{0EA938D8-BD95-460C-AA3C-D38702A4C96F}"
EndProject
Project("{FAE04EC0-301F-11D3-BF4B-00C04F79EFBC}") = "CompositDesignPatternStructure", "CompositDesignPatternStructure\CompositDesignPatternStructure.csproj", "{9FE68468-B9F4-4DFB-AA9E-D3AF0EBA8E89}"
EndProject
Project("{FAE04EC0-301F-11D3-BF4B-00C04F79EFBC}") = "DecoratorDesignPatternExample", "DecoratorDesignPatternExample\DecoratorDesignPatternExample.csproj", "{1AD5C0EB-05E1-4F34-80F6-7300FB0B625B}"
EndProject
Project("{FAE04EC0-301F-11D3-BF4B-00C04F79EFBC}") = "DecoratorDesignPatternStructure", "DecoratorDesignPatternStructure\DecoratorDesignPatternStructure.csproj", "{57FBDC43-BAF2-4354-9A0A-4675D9C52BDE}"
EndProject
Project("{FAE04EC0-301F-11D3-BF4B-00C04F79EFBC}") = "DecoratorExample1", "DecoratorExample1\DecoratorExample1.csproj", "{D0BC58AB-B3ED-4339-A844-08538FA392CF}"
EndProject
Project("{FAE04EC0-301F-11D3-BF4B-00C04F79EFBC}") = "ProxyDesignPatternStructure", "ProxyDesignPatternStructure\ProxyDesignPatternStructure.csproj", "{E71FA258-FA4B-4E94-8101-8F79752C0D86}"
EndProject
Project("{FAE04EC0-301F-11D3-BF4B-00C04F79EFBC}") = "ProxyDesignPatternExample", "ProxyDesignPatternExample\ProxyDesignPatternExample.csproj", "{BF399310-C62C-4791-8A5E-17418554445B}"
EndProject
Project("{FAE04EC0-301F-11D3-BF4B-00C04F79EFBC}") = "StratagyDesignPatternStructure", "StratagyDesignPatternStructure\StratagyDesignPatternStructure.csproj", "{5B92A7BA-BB38-45C5-B725-697A9404459B}"
EndProject
Project("{FAE04EC0-301F-11D3-BF4B-00C04F79EFBC}") = "strategyDesignPatternStructureRealWorld", "strategyDesignPatternStructureRealWorld\strategyDesignPatternStructureRealWorld.csproj", "{CAC8F7CB-37A2-4373-8E8D-D65AB209D545}"
EndProject
Global
	GlobalSection(SolutionConfigurationPlatforms) = preSolution
		Debug|Any CPU = Debug|Any CPU
		Release|Any CPU = Release|Any CPU
	EndGlobalSection
	GlobalSection(ProjectConfigurationPlatforms) = postSolution
		{04DF63F7-FA40-43EE-93E6-6F39513ACEBA}.Debug|Any CPU.ActiveCfg = Debug|Any CPU
		{04DF63F7-FA40-43EE-93E6-6F39513ACEBA}.Debug|Any CPU.Build.0 = Debug|Any CPU
		{04DF63F7-FA40-43EE-93E6-6F39513ACEBA}.Release|Any CPU.ActiveCfg = Release|Any CPU
		{04DF63F7-FA40-43EE-93E6-6F39513ACEBA}.Release|Any CPU.Build.0 = Release|Any CPU
		{85CEB529-28A9-427B-B303-05EFD2D5BFDF}.Debug|Any CPU.ActiveCfg = Debug|Any CPU
		{85CEB529-28A9-427B-B303-05EFD2D5BFDF}.Debug|Any CPU.Build.0 = Debug|Any CPU
		{85CEB529-28A9-427B-B303-05EFD2D5BFDF}.Release|Any CPU.ActiveCfg = Release|Any CPU
		{85CEB529-28A9-427B-B303-05EFD2D5BFDF}.Release|Any CPU.Build.0 = Release|Any CPU
		{5D86E508-F6C6-40B5-83B6-1BF9082AB252}.Debug|Any CPU.ActiveCfg = Debug|Any CPU
		{5D86E508-F6C6-40B5-83B6-1BF9082AB252}.Debug|Any CPU.Build.0 = Debug|Any CPU
		{5D86E508-F6C6-40B5-83B6-1BF9082AB252}.Release|Any CPU.ActiveCfg = Release|Any CPU
		{5D86E508-F6C6-40B5-83B6-1BF9082AB252}.Release|Any CPU.Build.0 = Release|Any CPU
		{BDA797BD-80E5-4559-9698-5A31FF42F15C}.Debug|Any CPU.ActiveCfg = Debug|Any CPU
		{BDA797BD-80E5-4559-9698-5A31FF42F15C}.Debug|Any CPU.Build.0 = Debug|Any CPU
		{BDA797BD-80E5-4559-9698-5A31FF42F15C}.Release|Any CPU.ActiveCfg = Release|Any CPU
		{BDA797BD-80E5-4559-9698-5A31FF42F15C}.Release|Any CPU.Build.0 = Release|Any CPU
		{06A76EAA-3332-4560-922D-85046FF8FB20}.Debug|Any CPU.ActiveCfg = Debug|Any CPU
		{06A76EAA-3332-4560-922D-85046FF8FB20}.Debug|Any CPU.Build.0 = Debug|Any CPU
		{06A76EAA-3332-4560-922D-85046FF8FB20}.Release|Any CPU.ActiveCfg = Release|Any CPU
		{06A76EAA-3332-4560-922D-85046FF8FB20}.Release|Any CPU.Build.0 = Release|Any CPU
		{83A70D95-48D6-41C3-8ED8-875819FC44BC}.Debug|Any CPU.ActiveCfg = Debug|Any CPU
		{83A70D95-48D6-41C3-8ED8-875819FC44BC}.Debug|Any CPU.Build.0 = Debug|Any CPU
		{83A70D95-48D6-41C3-8ED8-875819FC44BC}.Release|Any CPU.ActiveCfg = Release|Any CPU
		{83A70D95-48D6-41C3-8ED8-875819FC44BC}.Release|Any CPU.Build.0 = Release|Any CPU
		{3285F0F1-7EBE-4C08-9AD4-A34FD6B1C42E}.Debug|Any CPU.ActiveCfg = Debug|Any CPU
		{3285F0F1-7EBE-4C08-9AD4-A34FD6B1C42E}.Debug|Any CPU.Build.0 = Debug|Any CPU
		{3285F0F1-7EBE-4C08-9AD4-A34FD6B1C42E}.Release|Any CPU.ActiveCfg = Release|Any CPU
		{3285F0F1-7EBE-4C08-9AD4-A34FD6B1C42E}.Release|Any CPU.Build.0 = Release|Any CPU
		{F4963C29-1FCA-426D-8024-F1C96ECC45F7}.Debug|Any CPU.ActiveCfg = Debug|Any CPU
		{F4963C29-1FCA-426D-8024-F1C96ECC45F7}.Debug|Any CPU.Build.0 = Debug|Any CPU
		{F4963C29-1FCA-426D-8024-F1C96ECC45F7}.Release|Any CPU.ActiveCfg = Release|Any CPU
		{F4963C29-1FCA-426D-8024-F1C96ECC45F7}.Release|Any CPU.Build.0 = Release|Any CPU
		{D0690842-C8AB-44D1-B6AC-04FEC58AB610}.Debug|Any CPU.ActiveCfg = Debug|Any CPU
		{D0690842-C8AB-44D1-B6AC-04FEC58AB610}.Debug|Any CPU.Build.0 = Debug|Any CPU
		{D0690842-C8AB-44D1-B6AC-04FEC58AB610}.Release|Any CPU.ActiveCfg = Release|Any CPU
		{D0690842-C8AB-44D1-B6AC-04FEC58AB610}.Release|Any CPU.Build.0 = Release|Any CPU
		{A2BDA25F-A3D7-4DEB-B677-AE3595BAEC3B}.Debug|Any CPU.ActiveCfg = Debug|Any CPU
		{A2BDA25F-A3D7-4DEB-B677-AE3595BAEC3B}.Debug|Any CPU.Build.0 = Debug|Any CPU
		{A2BDA25F-A3D7-4DEB-B677-AE3595BAEC3B}.Release|Any CPU.ActiveCfg = Release|Any CPU
		{A2BDA25F-A3D7-4DEB-B677-AE3595BAEC3B}.Release|Any CPU.Build.0 = Release|Any CPU
		{CD36F0A6-53F9-4E62-90B1-CCADC4D4A9AA}.Debug|Any CPU.ActiveCfg = Debug|Any CPU
		{CD36F0A6-53F9-4E62-90B1-CCADC4D4A9AA}.Debug|Any CPU.Build.0 = Debug|Any CPU
		{CD36F0A6-53F9-4E62-90B1-CCADC4D4A9AA}.Release|Any CPU.ActiveCfg = Release|Any CPU
		{CD36F0A6-53F9-4E62-90B1-CCADC4D4A9AA}.Release|Any CPU.Build.0 = Release|Any CPU
		{AB0938C5-3201-477E-A2B9-35F309D3E7A3}.Debug|Any CPU.ActiveCfg = Debug|Any CPU
		{AB0938C5-3201-477E-A2B9-35F309D3E7A3}.Debug|Any CPU.Build.0 = Debug|Any CPU
		{AB0938C5-3201-477E-A2B9-35F309D3E7A3}.Release|Any CPU.ActiveCfg = Release|Any CPU
		{AB0938C5-3201-477E-A2B9-35F309D3E7A3}.Release|Any CPU.Build.0 = Release|Any CPU
		{3FE1CEBE-1956-4C4A-AAE0-E22637E944EE}.Debug|Any CPU.ActiveCfg = Debug|Any CPU
		{3FE1CEBE-1956-4C4A-AAE0-E22637E944EE}.Debug|Any CPU.Build.0 = Debug|Any CPU
		{3FE1CEBE-1956-4C4A-AAE0-E22637E944EE}.Release|Any CPU.ActiveCfg = Release|Any CPU
		{3FE1CEBE-1956-4C4A-AAE0-E22637E944EE}.Release|Any CPU.Build.0 = Release|Any CPU
		{208FF7C8-278D-42F7-9403-641DCFEC1C9D}.Debug|Any CPU.ActiveCfg = Debug|Any CPU
		{208FF7C8-278D-42F7-9403-641DCFEC1C9D}.Debug|Any CPU.Build.0 = Debug|Any CPU
		{208FF7C8-278D-42F7-9403-641DCFEC1C9D}.Release|Any CPU.ActiveCfg = Release|Any CPU
		{208FF7C8-278D-42F7-9403-641DCFEC1C9D}.Release|Any CPU.Build.0 = Release|Any CPU
		{B7969B82-BEC2-4CFF-B62A-0DD7CE4D382E}.Debug|Any CPU.ActiveCfg = Debug|Any CPU
		{B7969B82-BEC2-4CFF-B62A-0DD7CE4D382E}.Debug|Any CPU.Build.0 = Debug|Any CPU
		{B7969B82-BEC2-4CFF-B62A-0DD7CE4D382E}.Release|Any CPU.ActiveCfg = Release|Any CPU
		{B7969B82-BEC2-4CFF-B62A-0DD7CE4D382E}.Release|Any CPU.Build.0 = Release|Any CPU
		{3B0B011F-E247-4D7F-ADFC-489F17EC3732}.Debug|Any CPU.ActiveCfg = Debug|Any CPU
		{3B0B011F-E247-4D7F-ADFC-489F17EC3732}.Debug|Any CPU.Build.0 = Debug|Any CPU
		{3B0B011F-E247-4D7F-ADFC-489F17EC3732}.Release|Any CPU.ActiveCfg = Release|Any CPU
		{3B0B011F-E247-4D7F-ADFC-489F17EC3732}.Release|Any CPU.Build.0 = Release|Any CPU
		{3778E199-1053-42E2-AAAD-73036BAA22D5}.Debug|Any CPU.ActiveCfg = Debug|Any CPU
		{3778E199-1053-42E2-AAAD-73036BAA22D5}.Debug|Any CPU.Build.0 = Debug|Any CPU
		{3778E199-1053-42E2-AAAD-73036BAA22D5}.Release|Any CPU.ActiveCfg = Release|Any CPU
		{3778E199-1053-42E2-AAAD-73036BAA22D5}.Release|Any CPU.Build.0 = Release|Any CPU
		{E107EE21-8075-4FFA-A4FB-2A45B9CCC7C4}.Debug|Any CPU.ActiveCfg = Debug|Any CPU
		{E107EE21-8075-4FFA-A4FB-2A45B9CCC7C4}.Debug|Any CPU.Build.0 = Debug|Any CPU
		{E107EE21-8075-4FFA-A4FB-2A45B9CCC7C4}.Release|Any CPU.ActiveCfg = Release|Any CPU
		{E107EE21-8075-4FFA-A4FB-2A45B9CCC7C4}.Release|Any CPU.Build.0 = Release|Any CPU
		{0E534DF0-1232-473B-A13B-AE69134848B0}.Debug|Any CPU.ActiveCfg = Debug|Any CPU
		{0E534DF0-1232-473B-A13B-AE69134848B0}.Debug|Any CPU.Build.0 = Debug|Any CPU
		{0E534DF0-1232-473B-A13B-AE69134848B0}.Release|Any CPU.ActiveCfg = Release|Any CPU
		{0E534DF0-1232-473B-A13B-AE69134848B0}.Release|Any CPU.Build.0 = Release|Any CPU
		{33AC5272-4039-4855-A78B-54EF55AB4735}.Debug|Any CPU.ActiveCfg = Debug|Any CPU
		{33AC5272-4039-4855-A78B-54EF55AB4735}.Debug|Any CPU.Build.0 = Debug|Any CPU
		{33AC5272-4039-4855-A78B-54EF55AB4735}.Release|Any CPU.ActiveCfg = Release|Any CPU
		{33AC5272-4039-4855-A78B-54EF55AB4735}.Release|Any CPU.Build.0 = Release|Any CPU
		{C047E0DD-06EC-4880-863A-57666E86E02D}.Debug|Any CPU.ActiveCfg = Debug|Any CPU
		{C047E0DD-06EC-4880-863A-57666E86E02D}.Debug|Any CPU.Build.0 = Debug|Any CPU
		{C047E0DD-06EC-4880-863A-57666E86E02D}.Release|Any CPU.ActiveCfg = Release|Any CPU
		{C047E0DD-06EC-4880-863A-57666E86E02D}.Release|Any CPU.Build.0 = Release|Any CPU
		{9D68FA11-F3E8-4714-A882-D1986880C2A3}.Debug|Any CPU.ActiveCfg = Debug|Any CPU
		{9D68FA11-F3E8-4714-A882-D1986880C2A3}.Debug|Any CPU.Build.0 = Debug|Any CPU
		{9D68FA11-F3E8-4714-A882-D1986880C2A3}.Release|Any CPU.ActiveCfg = Release|Any CPU
		{9D68FA11-F3E8-4714-A882-D1986880C2A3}.Release|Any CPU.Build.0 = Release|Any CPU
		{20A3E4C2-DFDC-4E22-93D6-B890939CD391}.Debug|Any CPU.ActiveCfg = Debug|Any CPU
		{20A3E4C2-DFDC-4E22-93D6-B890939CD391}.Debug|Any CPU.Build.0 = Debug|Any CPU
		{20A3E4C2-DFDC-4E22-93D6-B890939CD391}.Release|Any CPU.ActiveCfg = Release|Any CPU
		{20A3E4C2-DFDC-4E22-93D6-B890939CD391}.Release|Any CPU.Build.0 = Release|Any CPU
		{6CB0C4F0-C806-49CA-A5AC-9121BBE68D75}.Debug|Any CPU.ActiveCfg = Debug|Any CPU
		{6CB0C4F0-C806-49CA-A5AC-9121BBE68D75}.Debug|Any CPU.Build.0 = Debug|Any CPU
		{6CB0C4F0-C806-49CA-A5AC-9121BBE68D75}.Release|Any CPU.ActiveCfg = Release|Any CPU
		{6CB0C4F0-C806-49CA-A5AC-9121BBE68D75}.Release|Any CPU.Build.0 = Release|Any CPU
		{7B4598B4-B33F-44E1-BD0A-2A1E0A05C4A5}.Debug|Any CPU.ActiveCfg = Debug|Any CPU
		{7B4598B4-B33F-44E1-BD0A-2A1E0A05C4A5}.Debug|Any CPU.Build.0 = Debug|Any CPU
		{7B4598B4-B33F-44E1-BD0A-2A1E0A05C4A5}.Release|Any CPU.ActiveCfg = Release|Any CPU
		{7B4598B4-B33F-44E1-BD0A-2A1E0A05C4A5}.Release|Any CPU.Build.0 = Release|Any CPU
		{7F3576DE-2E25-485F-8894-226B8E6D5344}.Debug|Any CPU.ActiveCfg = Debug|Any CPU
		{7F3576DE-2E25-485F-8894-226B8E6D5344}.Debug|Any CPU.Build.0 = Debug|Any CPU
		{7F3576DE-2E25-485F-8894-226B8E6D5344}.Release|Any CPU.ActiveCfg = Release|Any CPU
		{7F3576DE-2E25-485F-8894-226B8E6D5344}.Release|Any CPU.Build.0 = Release|Any CPU
		{34B11D55-8CCF-4BE9-A78E-BDBEC73A03C3}.Debug|Any CPU.ActiveCfg = Debug|Any CPU
		{34B11D55-8CCF-4BE9-A78E-BDBEC73A03C3}.Debug|Any CPU.Build.0 = Debug|Any CPU
		{34B11D55-8CCF-4BE9-A78E-BDBEC73A03C3}.Release|Any CPU.ActiveCfg = Release|Any CPU
		{34B11D55-8CCF-4BE9-A78E-BDBEC73A03C3}.Release|Any CPU.Build.0 = Release|Any CPU
		{8DDAA668-7DAC-48E5-A8D5-B76E9305E552}.Debug|Any CPU.ActiveCfg = Debug|Any CPU
		{8DDAA668-7DAC-48E5-A8D5-B76E9305E552}.Debug|Any CPU.Build.0 = Debug|Any CPU
		{8DDAA668-7DAC-48E5-A8D5-B76E9305E552}.Release|Any CPU.ActiveCfg = Release|Any CPU
		{8DDAA668-7DAC-48E5-A8D5-B76E9305E552}.Release|Any CPU.Build.0 = Release|Any CPU
		{DFD839A0-4200-403D-A910-F8331CE7ECDC}.Debug|Any CPU.ActiveCfg = Debug|Any CPU
		{DFD839A0-4200-403D-A910-F8331CE7ECDC}.Debug|Any CPU.Build.0 = Debug|Any CPU
		{DFD839A0-4200-403D-A910-F8331CE7ECDC}.Release|Any CPU.ActiveCfg = Release|Any CPU
		{DFD839A0-4200-403D-A910-F8331CE7ECDC}.Release|Any CPU.Build.0 = Release|Any CPU
		{A23C6B5F-7B80-4C39-9ACF-B974F7C18503}.Debug|Any CPU.ActiveCfg = Debug|Any CPU
		{A23C6B5F-7B80-4C39-9ACF-B974F7C18503}.Debug|Any CPU.Build.0 = Debug|Any CPU
		{A23C6B5F-7B80-4C39-9ACF-B974F7C18503}.Release|Any CPU.ActiveCfg = Release|Any CPU
		{A23C6B5F-7B80-4C39-9ACF-B974F7C18503}.Release|Any CPU.Build.0 = Release|Any CPU
		{83C3AE55-C3CF-440F-812C-AA01DB25957E}.Debug|Any CPU.ActiveCfg = Debug|Any CPU
		{83C3AE55-C3CF-440F-812C-AA01DB25957E}.Debug|Any CPU.Build.0 = Debug|Any CPU
		{83C3AE55-C3CF-440F-812C-AA01DB25957E}.Release|Any CPU.ActiveCfg = Release|Any CPU
		{83C3AE55-C3CF-440F-812C-AA01DB25957E}.Release|Any CPU.Build.0 = Release|Any CPU
		{ED6E881C-F754-4B22-9901-110D720A672A}.Debug|Any CPU.ActiveCfg = Debug|Any CPU
		{ED6E881C-F754-4B22-9901-110D720A672A}.Debug|Any CPU.Build.0 = Debug|Any CPU
		{ED6E881C-F754-4B22-9901-110D720A672A}.Release|Any CPU.ActiveCfg = Release|Any CPU
		{ED6E881C-F754-4B22-9901-110D720A672A}.Release|Any CPU.Build.0 = Release|Any CPU
		{76F5E904-CC19-4196-8021-4596AB31FF3F}.Debug|Any CPU.ActiveCfg = Debug|Any CPU
		{76F5E904-CC19-4196-8021-4596AB31FF3F}.Debug|Any CPU.Build.0 = Debug|Any CPU
		{76F5E904-CC19-4196-8021-4596AB31FF3F}.Release|Any CPU.ActiveCfg = Release|Any CPU
		{76F5E904-CC19-4196-8021-4596AB31FF3F}.Release|Any CPU.Build.0 = Release|Any CPU
		{FFE13074-BDDD-4884-BD0C-870B27E15314}.Debug|Any CPU.ActiveCfg = Debug|Any CPU
		{FFE13074-BDDD-4884-BD0C-870B27E15314}.Debug|Any CPU.Build.0 = Debug|Any CPU
		{FFE13074-BDDD-4884-BD0C-870B27E15314}.Release|Any CPU.ActiveCfg = Release|Any CPU
		{FFE13074-BDDD-4884-BD0C-870B27E15314}.Release|Any CPU.Build.0 = Release|Any CPU
		{6A0D3F0F-F2C9-40D6-9B69-5AD05C7F5D2F}.Debug|Any CPU.ActiveCfg = Debug|Any CPU
		{6A0D3F0F-F2C9-40D6-9B69-5AD05C7F5D2F}.Debug|Any CPU.Build.0 = Debug|Any CPU
		{6A0D3F0F-F2C9-40D6-9B69-5AD05C7F5D2F}.Release|Any CPU.ActiveCfg = Release|Any CPU
		{6A0D3F0F-F2C9-40D6-9B69-5AD05C7F5D2F}.Release|Any CPU.Build.0 = Release|Any CPU
		{45642B14-6DCB-4D05-BA7F-A8AE2A76302B}.Debug|Any CPU.ActiveCfg = Debug|Any CPU
		{45642B14-6DCB-4D05-BA7F-A8AE2A76302B}.Debug|Any CPU.Build.0 = Debug|Any CPU
		{45642B14-6DCB-4D05-BA7F-A8AE2A76302B}.Release|Any CPU.ActiveCfg = Release|Any CPU
		{45642B14-6DCB-4D05-BA7F-A8AE2A76302B}.Release|Any CPU.Build.0 = Release|Any CPU
		{C07AD0EE-15C6-45C0-A32A-995DC4F5C8B8}.Debug|Any CPU.ActiveCfg = Debug|Any CPU
		{C07AD0EE-15C6-45C0-A32A-995DC4F5C8B8}.Debug|Any CPU.Build.0 = Debug|Any CPU
		{C07AD0EE-15C6-45C0-A32A-995DC4F5C8B8}.Release|Any CPU.ActiveCfg = Release|Any CPU
		{C07AD0EE-15C6-45C0-A32A-995DC4F5C8B8}.Release|Any CPU.Build.0 = Release|Any CPU
		{483A4949-D433-4156-8BA5-3871AD5A678A}.Debug|Any CPU.ActiveCfg = Debug|Any CPU
		{483A4949-D433-4156-8BA5-3871AD5A678A}.Debug|Any CPU.Build.0 = Debug|Any CPU
		{483A4949-D433-4156-8BA5-3871AD5A678A}.Release|Any CPU.ActiveCfg = Release|Any CPU
		{483A4949-D433-4156-8BA5-3871AD5A678A}.Release|Any CPU.Build.0 = Release|Any CPU
		{6921CD92-B026-4AD3-BFD5-1719C4D0F4C6}.Debug|Any CPU.ActiveCfg = Debug|Any CPU
		{6921CD92-B026-4AD3-BFD5-1719C4D0F4C6}.Debug|Any CPU.Build.0 = Debug|Any CPU
		{6921CD92-B026-4AD3-BFD5-1719C4D0F4C6}.Release|Any CPU.ActiveCfg = Release|Any CPU
		{6921CD92-B026-4AD3-BFD5-1719C4D0F4C6}.Release|Any CPU.Build.0 = Release|Any CPU
		{4348402F-C57D-4A71-BF51-938292D6B2BC}.Debug|Any CPU.ActiveCfg = Debug|Any CPU
		{4348402F-C57D-4A71-BF51-938292D6B2BC}.Debug|Any CPU.Build.0 = Debug|Any CPU
		{4348402F-C57D-4A71-BF51-938292D6B2BC}.Release|Any CPU.ActiveCfg = Release|Any CPU
		{4348402F-C57D-4A71-BF51-938292D6B2BC}.Release|Any CPU.Build.0 = Release|Any CPU
		{0EA938D8-BD95-460C-AA3C-D38702A4C96F}.Debug|Any CPU.ActiveCfg = Debug|Any CPU
		{0EA938D8-BD95-460C-AA3C-D38702A4C96F}.Debug|Any CPU.Build.0 = Debug|Any CPU
		{0EA938D8-BD95-460C-AA3C-D38702A4C96F}.Release|Any CPU.ActiveCfg = Release|Any CPU
		{0EA938D8-BD95-460C-AA3C-D38702A4C96F}.Release|Any CPU.Build.0 = Release|Any CPU
		{9FE68468-B9F4-4DFB-AA9E-D3AF0EBA8E89}.Debug|Any CPU.ActiveCfg = Debug|Any CPU
		{9FE68468-B9F4-4DFB-AA9E-D3AF0EBA8E89}.Debug|Any CPU.Build.0 = Debug|Any CPU
		{9FE68468-B9F4-4DFB-AA9E-D3AF0EBA8E89}.Release|Any CPU.ActiveCfg = Release|Any CPU
		{9FE68468-B9F4-4DFB-AA9E-D3AF0EBA8E89}.Release|Any CPU.Build.0 = Release|Any CPU
		{1AD5C0EB-05E1-4F34-80F6-7300FB0B625B}.Debug|Any CPU.ActiveCfg = Debug|Any CPU
		{1AD5C0EB-05E1-4F34-80F6-7300FB0B625B}.Debug|Any CPU.Build.0 = Debug|Any CPU
		{1AD5C0EB-05E1-4F34-80F6-7300FB0B625B}.Release|Any CPU.ActiveCfg = Release|Any CPU
		{1AD5C0EB-05E1-4F34-80F6-7300FB0B625B}.Release|Any CPU.Build.0 = Release|Any CPU
		{57FBDC43-BAF2-4354-9A0A-4675D9C52BDE}.Debug|Any CPU.ActiveCfg = Debug|Any CPU
		{57FBDC43-BAF2-4354-9A0A-4675D9C52BDE}.Debug|Any CPU.Build.0 = Debug|Any CPU
		{57FBDC43-BAF2-4354-9A0A-4675D9C52BDE}.Release|Any CPU.ActiveCfg = Release|Any CPU
		{57FBDC43-BAF2-4354-9A0A-4675D9C52BDE}.Release|Any CPU.Build.0 = Release|Any CPU
		{D0BC58AB-B3ED-4339-A844-08538FA392CF}.Debug|Any CPU.ActiveCfg = Debug|Any CPU
		{D0BC58AB-B3ED-4339-A844-08538FA392CF}.Debug|Any CPU.Build.0 = Debug|Any CPU
		{D0BC58AB-B3ED-4339-A844-08538FA392CF}.Release|Any CPU.ActiveCfg = Release|Any CPU
		{D0BC58AB-B3ED-4339-A844-08538FA392CF}.Release|Any CPU.Build.0 = Release|Any CPU
		{E71FA258-FA4B-4E94-8101-8F79752C0D86}.Debug|Any CPU.ActiveCfg = Debug|Any CPU
		{E71FA258-FA4B-4E94-8101-8F79752C0D86}.Debug|Any CPU.Build.0 = Debug|Any CPU
		{E71FA258-FA4B-4E94-8101-8F79752C0D86}.Release|Any CPU.ActiveCfg = Release|Any CPU
		{E71FA258-FA4B-4E94-8101-8F79752C0D86}.Release|Any CPU.Build.0 = Release|Any CPU
		{BF399310-C62C-4791-8A5E-17418554445B}.Debug|Any CPU.ActiveCfg = Debug|Any CPU
		{BF399310-C62C-4791-8A5E-17418554445B}.Debug|Any CPU.Build.0 = Debug|Any CPU
		{BF399310-C62C-4791-8A5E-17418554445B}.Release|Any CPU.ActiveCfg = Release|Any CPU
		{BF399310-C62C-4791-8A5E-17418554445B}.Release|Any CPU.Build.0 = Release|Any CPU
		{5B92A7BA-BB38-45C5-B725-697A9404459B}.Debug|Any CPU.ActiveCfg = Debug|Any CPU
		{5B92A7BA-BB38-45C5-B725-697A9404459B}.Debug|Any CPU.Build.0 = Debug|Any CPU
		{5B92A7BA-BB38-45C5-B725-697A9404459B}.Release|Any CPU.ActiveCfg = Release|Any CPU
		{5B92A7BA-BB38-45C5-B725-697A9404459B}.Release|Any CPU.Build.0 = Release|Any CPU
		{CAC8F7CB-37A2-4373-8E8D-D65AB209D545}.Debug|Any CPU.ActiveCfg = Debug|Any CPU
		{CAC8F7CB-37A2-4373-8E8D-D65AB209D545}.Debug|Any CPU.Build.0 = Debug|Any CPU
		{CAC8F7CB-37A2-4373-8E8D-D65AB209D545}.Release|Any CPU.ActiveCfg = Release|Any CPU
		{CAC8F7CB-37A2-4373-8E8D-D65AB209D545}.Release|Any CPU.Build.0 = Release|Any CPU
	EndGlobalSection
	GlobalSection(SolutionProperties) = preSolution
		HideSolutionNode = FALSE
	EndGlobalSection
	GlobalSection(NestedProjects) = preSolution
		{01E554C1-1225-4200-B127-5FBA2CF556AB} = {7FC1CAB3-7B92-404C-BB41-F38C086477AB}
		{47371077-3202-4889-9457-21CF087A9A24} = {7FC1CAB3-7B92-404C-BB41-F38C086477AB}
		{0742C889-E5DF-4B0E-B501-EA85E4720A48} = {01E554C1-1225-4200-B127-5FBA2CF556AB}
		{E2BFD1E9-7521-42AB-B7C7-95E3EDD89D1B} = {47371077-3202-4889-9457-21CF087A9A24}
		{D18853D5-A7FF-4EE6-A72A-8852CB7B4D8E} = {47371077-3202-4889-9457-21CF087A9A24}
		{2968CEC6-58BB-49FF-8341-D6785597AA04} = {01E554C1-1225-4200-B127-5FBA2CF556AB}
		{0FB9A159-44D3-47DA-BF84-9917B058F4B4} = {7FC1CAB3-7B92-404C-BB41-F38C086477AB}
		{0DE0B5D6-15B7-4076-8D13-AEB6D40D5E44} = {7FC1CAB3-7B92-404C-BB41-F38C086477AB}
		{2FBB5192-1FEA-4604-AC3C-F426D0CF34BB} = {7FC1CAB3-7B92-404C-BB41-F38C086477AB}
		{968F2A7B-2EF4-4B62-B513-13C13696762B} = {5732FF7A-1DB5-44E7-8B85-E51F545A17AE}
		{FABE6E8C-385F-43CE-B0E1-E1542392047E} = {5732FF7A-1DB5-44E7-8B85-E51F545A17AE}
		{6629A5F4-B6B8-47E7-BE5B-9955E620BF26} = {5732FF7A-1DB5-44E7-8B85-E51F545A17AE}
		{CB0B01DB-65F9-42A6-8E2B-4268237E03BF} = {5732FF7A-1DB5-44E7-8B85-E51F545A17AE}
		{0FB16447-7483-4D6F-ACBB-67FD09FEA43E} = {5732FF7A-1DB5-44E7-8B85-E51F545A17AE}
		{F91AB992-A71E-4FD6-AC82-54C3FD3DD0C0} = {5732FF7A-1DB5-44E7-8B85-E51F545A17AE}
		{C7365672-3EA8-4EF3-B03A-D7BE77E65B91} = {5732FF7A-1DB5-44E7-8B85-E51F545A17AE}
		{316C4792-0576-4201-804C-A198A5C1B343} = {1BF32642-C666-4342-A5E0-590BDEAE6868}
		{E98A370D-4F47-4BF7-9F6D-C2B535E4C37C} = {1BF32642-C666-4342-A5E0-590BDEAE6868}
		{A53D14B1-9227-4E30-8BAF-BCF34759FB56} = {1BF32642-C666-4342-A5E0-590BDEAE6868}
		{F703194D-C7D8-4033-9D3D-13B7C55105FE} = {1BF32642-C666-4342-A5E0-590BDEAE6868}
		{E43F79CA-5B40-47B3-BF71-720F903E8DAD} = {1BF32642-C666-4342-A5E0-590BDEAE6868}
		{161C97D0-4220-4EA5-9AF0-56EE13E0E04A} = {1BF32642-C666-4342-A5E0-590BDEAE6868}
		{72AE4F8E-811A-496A-B691-D9E905743867} = {1BF32642-C666-4342-A5E0-590BDEAE6868}
		{33290136-A8FD-4AF9-AB67-543060BDD6D8} = {1BF32642-C666-4342-A5E0-590BDEAE6868}
		{CF591B38-5890-4BFF-A58F-577634F576A8} = {1BF32642-C666-4342-A5E0-590BDEAE6868}
		{87736CAF-0CE2-4C0A-A834-0EDF5B9896C7} = {1BF32642-C666-4342-A5E0-590BDEAE6868}
		{E9D336FD-E30B-4BAF-842D-F48E78BBA881} = {0FB9A159-44D3-47DA-BF84-9917B058F4B4}
		{F954DD26-F0E9-465C-9EF6-B5EF4C6A44E5} = {0DE0B5D6-15B7-4076-8D13-AEB6D40D5E44}
		{41CFC42E-4F17-42A9-9C47-2BBFC6C8D76D} = {2FBB5192-1FEA-4604-AC3C-F426D0CF34BB}
		{110F9DDC-E740-4B64-AEE5-710BEFB05ED2} = {968F2A7B-2EF4-4B62-B513-13C13696762B}
		{AF795B5E-A37F-4EDE-B6DB-BD4E34A98DB6} = {FABE6E8C-385F-43CE-B0E1-E1542392047E}
		{94BE41C3-5FB3-4DD1-8B97-D4F02D8297A8} = {6629A5F4-B6B8-47E7-BE5B-9955E620BF26}
		{FBCE07CF-CB3D-4E51-A0DA-4E9D46DEB25E} = {CB0B01DB-65F9-42A6-8E2B-4268237E03BF}
		{8E4AA6D6-3943-4C1E-9889-E5AC5F517F7A} = {0FB16447-7483-4D6F-ACBB-67FD09FEA43E}
		{ABD17544-426A-476E-88D0-AFF9F5CCF8F2} = {F91AB992-A71E-4FD6-AC82-54C3FD3DD0C0}
		{32EE8180-72B5-43C6-9110-432D129E6E00} = {C7365672-3EA8-4EF3-B03A-D7BE77E65B91}
		{E81216DB-D4FB-4B11-A2F8-3B9005593E9F} = {316C4792-0576-4201-804C-A198A5C1B343}
		{160D1FB4-E879-4E7C-A1DD-87A316515581} = {E98A370D-4F47-4BF7-9F6D-C2B535E4C37C}
		{3E9DAE88-4FC4-4F03-8829-E2DC0BB5769D} = {A53D14B1-9227-4E30-8BAF-BCF34759FB56}
		{FF28E14B-88C5-4F10-8B6A-85E110F5CBCD} = {F703194D-C7D8-4033-9D3D-13B7C55105FE}
		{03C0AFA9-5C4F-43CD-949C-C1B9B1F8026F} = {E43F79CA-5B40-47B3-BF71-720F903E8DAD}
		{8C4A52F8-993D-4F3D-AD02-AF79B6783A05} = {161C97D0-4220-4EA5-9AF0-56EE13E0E04A}
		{3940417E-E885-40F7-B531-76952A99527F} = {72AE4F8E-811A-496A-B691-D9E905743867}
		{97433189-CB53-446B-94EB-A6270D6EB04F} = {33290136-A8FD-4AF9-AB67-543060BDD6D8}
		{EE927576-9BAA-49BA-8821-3B51AB3BCBC6} = {87736CAF-0CE2-4C0A-A834-0EDF5B9896C7}
		{498D6506-EAD2-440C-91FD-24E7B013F0DE} = {CF591B38-5890-4BFF-A58F-577634F576A8}
		{C651D656-7382-4C07-B987-6800C1283016} = {0FB9A159-44D3-47DA-BF84-9917B058F4B4}
		{0DF09B47-1E81-4677-AB13-5ADD2FA16BBE} = {0DE0B5D6-15B7-4076-8D13-AEB6D40D5E44}
		{F71EA06C-955F-4F48-A6B7-E46F9C56C27B} = {2FBB5192-1FEA-4604-AC3C-F426D0CF34BB}
		{29BB448C-F2DA-498E-B205-FFC9BA34120A} = {968F2A7B-2EF4-4B62-B513-13C13696762B}
		{4C0C1B5F-FEC9-454B-9661-2549FAB89F41} = {FABE6E8C-385F-43CE-B0E1-E1542392047E}
		{FD3C61B9-E1BC-424C-AE33-17F4053F8D70} = {6629A5F4-B6B8-47E7-BE5B-9955E620BF26}
		{01B8DAC2-D865-4A75-8795-32EF0099140F} = {CB0B01DB-65F9-42A6-8E2B-4268237E03BF}
		{396AFF53-408E-4A6E-8A48-E0785245B064} = {0FB16447-7483-4D6F-ACBB-67FD09FEA43E}
		{A21D65B0-E0C6-415B-B0BC-B79B43AB3D05} = {F91AB992-A71E-4FD6-AC82-54C3FD3DD0C0}
		{3826ADB0-7196-4F01-8A60-D599CF433C5A} = {C7365672-3EA8-4EF3-B03A-D7BE77E65B91}
		{908E1054-AE14-4D86-B4DF-6F15254DA0DF} = {316C4792-0576-4201-804C-A198A5C1B343}
		{B2C5547B-068D-47E2-8AC4-EEF031BCE030} = {E98A370D-4F47-4BF7-9F6D-C2B535E4C37C}
		{2B9B4726-65B5-4B1D-9378-C538482CAFD3} = {A53D14B1-9227-4E30-8BAF-BCF34759FB56}
		{FF4DF0AB-BF0D-402C-BC9C-149375951885} = {F703194D-C7D8-4033-9D3D-13B7C55105FE}
		{2A2455F7-2CC7-4267-A098-FA3615B8CFB8} = {E43F79CA-5B40-47B3-BF71-720F903E8DAD}
		{1AF69927-81E2-4DFF-9E83-0DC78F109D18} = {161C97D0-4220-4EA5-9AF0-56EE13E0E04A}
		{1B534AA7-8185-4B14-A933-CB61E918F3D0} = {72AE4F8E-811A-496A-B691-D9E905743867}
		{707B3850-0913-46D5-AE5B-05562F5279A8} = {33290136-A8FD-4AF9-AB67-543060BDD6D8}
		{45A0600A-8EC7-46DE-92FC-129111D1B7E8} = {87736CAF-0CE2-4C0A-A834-0EDF5B9896C7}
		{8030FE25-05A0-40E1-B81C-EA005C0691A4} = {CF591B38-5890-4BFF-A58F-577634F576A8}
		{04DF63F7-FA40-43EE-93E6-6F39513ACEBA} = {1AF69927-81E2-4DFF-9E83-0DC78F109D18}
		{85CEB529-28A9-427B-B303-05EFD2D5BFDF} = {5C0707AF-7018-4013-8541-BF65C8245CF3}
		{BC833C46-365F-4451-BCDC-E11C793E0B91} = {1BF32642-C666-4342-A5E0-590BDEAE6868}
		{1E9D23F8-BC8B-4BB9-87D0-50EBA0E14717} = {BC833C46-365F-4451-BCDC-E11C793E0B91}
		{5C0707AF-7018-4013-8541-BF65C8245CF3} = {BC833C46-365F-4451-BCDC-E11C793E0B91}
		{5D86E508-F6C6-40B5-83B6-1BF9082AB252} = {97433189-CB53-446B-94EB-A6270D6EB04F}
		{BDA797BD-80E5-4559-9698-5A31FF42F15C} = {B2C5547B-068D-47E2-8AC4-EEF031BCE030}
		{06A76EAA-3332-4560-922D-85046FF8FB20} = {160D1FB4-E879-4E7C-A1DD-87A316515581}
		{83A70D95-48D6-41C3-8ED8-875819FC44BC} = {160D1FB4-E879-4E7C-A1DD-87A316515581}
		{3285F0F1-7EBE-4C08-9AD4-A34FD6B1C42E} = {1B534AA7-8185-4B14-A933-CB61E918F3D0}
		{F4963C29-1FCA-426D-8024-F1C96ECC45F7} = {3940417E-E885-40F7-B531-76952A99527F}
		{D0690842-C8AB-44D1-B6AC-04FEC58AB610} = {45A0600A-8EC7-46DE-92FC-129111D1B7E8}
		{A2BDA25F-A3D7-4DEB-B677-AE3595BAEC3B} = {EE927576-9BAA-49BA-8821-3B51AB3BCBC6}
		{CD36F0A6-53F9-4E62-90B1-CCADC4D4A9AA} = {908E1054-AE14-4D86-B4DF-6F15254DA0DF}
		{AB0938C5-3201-477E-A2B9-35F309D3E7A3} = {E81216DB-D4FB-4B11-A2F8-3B9005593E9F}
		{3FE1CEBE-1956-4C4A-AAE0-E22637E944EE} = {FF4DF0AB-BF0D-402C-BC9C-149375951885}
		{208FF7C8-278D-42F7-9403-641DCFEC1C9D} = {FF28E14B-88C5-4F10-8B6A-85E110F5CBCD}
		{B7969B82-BEC2-4CFF-B62A-0DD7CE4D382E} = {2B9B4726-65B5-4B1D-9378-C538482CAFD3}
		{3B0B011F-E247-4D7F-ADFC-489F17EC3732} = {3E9DAE88-4FC4-4F03-8829-E2DC0BB5769D}
		{3778E199-1053-42E2-AAAD-73036BAA22D5} = {03C0AFA9-5C4F-43CD-949C-C1B9B1F8026F}
		{E107EE21-8075-4FFA-A4FB-2A45B9CCC7C4} = {03C0AFA9-5C4F-43CD-949C-C1B9B1F8026F}
		{0E534DF0-1232-473B-A13B-AE69134848B0} = {2A2455F7-2CC7-4267-A098-FA3615B8CFB8}
		{33AC5272-4039-4855-A78B-54EF55AB4735} = {2A2455F7-2CC7-4267-A098-FA3615B8CFB8}
		{C047E0DD-06EC-4880-863A-57666E86E02D} = {498D6506-EAD2-440C-91FD-24E7B013F0DE}
		{9D68FA11-F3E8-4714-A882-D1986880C2A3} = {8030FE25-05A0-40E1-B81C-EA005C0691A4}
		{20A3E4C2-DFDC-4E22-93D6-B890939CD391} = {160D1FB4-E879-4E7C-A1DD-87A316515581}
		{6CB0C4F0-C806-49CA-A5AC-9121BBE68D75} = {F71EA06C-955F-4F48-A6B7-E46F9C56C27B}
		{7B4598B4-B33F-44E1-BD0A-2A1E0A05C4A5} = {41CFC42E-4F17-42A9-9C47-2BBFC6C8D76D}
		{7F3576DE-2E25-485F-8894-226B8E6D5344} = {F71EA06C-955F-4F48-A6B7-E46F9C56C27B}
		{34B11D55-8CCF-4BE9-A78E-BDBEC73A03C3} = {0742C889-E5DF-4B0E-B501-EA85E4720A48}
		{8DDAA668-7DAC-48E5-A8D5-B76E9305E552} = {2968CEC6-58BB-49FF-8341-D6785597AA04}
		{DFD839A0-4200-403D-A910-F8331CE7ECDC} = {E2BFD1E9-7521-42AB-B7C7-95E3EDD89D1B}
		{A23C6B5F-7B80-4C39-9ACF-B974F7C18503} = {D18853D5-A7FF-4EE6-A72A-8852CB7B4D8E}
		{83C3AE55-C3CF-440F-812C-AA01DB25957E} = {C651D656-7382-4C07-B987-6800C1283016}
		{ED6E881C-F754-4B22-9901-110D720A672A} = {E9D336FD-E30B-4BAF-842D-F48E78BBA881}
		{76F5E904-CC19-4196-8021-4596AB31FF3F} = {0DF09B47-1E81-4677-AB13-5ADD2FA16BBE}
		{FFE13074-BDDD-4884-BD0C-870B27E15314} = {0DF09B47-1E81-4677-AB13-5ADD2FA16BBE}
		{6A0D3F0F-F2C9-40D6-9B69-5AD05C7F5D2F} = {29BB448C-F2DA-498E-B205-FFC9BA34120A}
		{45642B14-6DCB-4D05-BA7F-A8AE2A76302B} = {110F9DDC-E740-4B64-AEE5-710BEFB05ED2}
		{C07AD0EE-15C6-45C0-A32A-995DC4F5C8B8} = {110F9DDC-E740-4B64-AEE5-710BEFB05ED2}
		{483A4949-D433-4156-8BA5-3871AD5A678A} = {110F9DDC-E740-4B64-AEE5-710BEFB05ED2}
		{6921CD92-B026-4AD3-BFD5-1719C4D0F4C6} = {4C0C1B5F-FEC9-454B-9661-2549FAB89F41}
		{4348402F-C57D-4A71-BF51-938292D6B2BC} = {AF795B5E-A37F-4EDE-B6DB-BD4E34A98DB6}
		{0EA938D8-BD95-460C-AA3C-D38702A4C96F} = {396AFF53-408E-4A6E-8A48-E0785245B064}
		{9FE68468-B9F4-4DFB-AA9E-D3AF0EBA8E89} = {FD3C61B9-E1BC-424C-AE33-17F4053F8D70}
		{1AD5C0EB-05E1-4F34-80F6-7300FB0B625B} = {FBCE07CF-CB3D-4E51-A0DA-4E9D46DEB25E}
		{57FBDC43-BAF2-4354-9A0A-4675D9C52BDE} = {01B8DAC2-D865-4A75-8795-32EF0099140F}
		{D0BC58AB-B3ED-4339-A844-08538FA392CF} = {FBCE07CF-CB3D-4E51-A0DA-4E9D46DEB25E}
		{E71FA258-FA4B-4E94-8101-8F79752C0D86} = {3826ADB0-7196-4F01-8A60-D599CF433C5A}
		{BF399310-C62C-4791-8A5E-17418554445B} = {32EE8180-72B5-43C6-9110-432D129E6E00}
		{5B92A7BA-BB38-45C5-B725-697A9404459B} = {707B3850-0913-46D5-AE5B-05562F5279A8}
		{CAC8F7CB-37A2-4373-8E8D-D65AB209D545} = {707B3850-0913-46D5-AE5B-05562F5279A8}
	EndGlobalSection
	GlobalSection(ExtensibilityGlobals) = postSolution
		SolutionGuid = {2659976D-9C67-4B65-8D57-0EE7C2435D55}
	EndGlobalSection
EndGlobal
